STORAGE: NONE
NUGET
  remote: https://api.nuget.org/v3/index.json
    Microsoft.ApplicationInsights (2.22) - restriction: >= net8.0
      System.Diagnostics.DiagnosticSource (>= 5.0) - restriction: || (&& (>= net452) (< netstandard2.0)) (&& (< net452) (>= netstandard2.0)) (>= net46)
    Microsoft.Bcl.Cryptography (9.0) - restriction: || (&& (>= net462) (>= net8.0)) (&& (>= net8.0) (< net9.0)) (&& (>= net8.0) (< netstandard2.1))
      System.Formats.Asn1 (>= 9.0) - restriction: || (>= net462) (&& (>= net8.0) (< net9.0)) (&& (< net8.0) (>= netstandard2.0))
    Microsoft.Management.Infrastructure (3.0) - restriction: >= net8.0
      Microsoft.Management.Infrastructure.Runtime.Unix (>= 3.0)
      Microsoft.Management.Infrastructure.Runtime.Win (>= 3.0)
    Microsoft.Management.Infrastructure.Runtime.Unix (3.0) - restriction: >= net8.0
    Microsoft.Management.Infrastructure.Runtime.Win (3.0) - restriction: >= net8.0
    Microsoft.PowerShell.CoreCLR.Eventing (7.4.6) - restriction: >= net8.0
      System.Diagnostics.EventLog (>= 8.0.1) - restriction: >= net8.0
    Microsoft.PowerShell.Native (7.4) - restriction: >= net8.0
    Microsoft.Security.Extensions (1.3) - restriction: >= net8.0
    Microsoft.Win32.Registry.AccessControl (9.0) - restriction: >= net8.0
    Newtonsoft.Json (13.0.3) - restriction: >= net8.0
    System.CodeDom (9.0) - restriction: >= net8.0
    System.Configuration.ConfigurationManager (9.0) - restriction: >= net8.0
      System.Diagnostics.EventLog (>= 9.0) - restriction: >= net8.0
      System.Security.Cryptography.ProtectedData (>= 9.0) - restriction: || (&& (< net462) (>= netstandard2.0)) (>= net8.0)
    System.Diagnostics.DiagnosticSource (9.0) - restriction: >= net8.0
    System.Diagnostics.EventLog (9.0) - restriction: >= net8.0
    System.DirectoryServices (9.0) - restriction: >= net8.0
    System.Formats.Asn1 (9.0) - restriction: >= net8.0
    System.Management (9.0) - restriction: >= net8.0
      System.CodeDom (>= 9.0) - restriction: >= netstandard2.0
    System.Management.Automation (7.4.6)
      Microsoft.ApplicationInsights (>= 2.21) - restriction: >= net8.0
      Microsoft.Management.Infrastructure (>= 3.0) - restriction: >= net8.0
      Microsoft.PowerShell.CoreCLR.Eventing (>= 7.4.6) - restriction: >= net8.0
      Microsoft.PowerShell.Native (>= 7.4) - restriction: >= net8.0
      Microsoft.Security.Extensions (>= 1.2) - restriction: >= net8.0
      Microsoft.Win32.Registry.AccessControl (>= 8.0) - restriction: >= net8.0
      Newtonsoft.Json (>= 13.0.3) - restriction: >= net8.0
      System.Configuration.ConfigurationManager (>= 8.0.1) - restriction: >= net8.0
      System.Diagnostics.DiagnosticSource (>= 8.0.1) - restriction: >= net8.0
      System.DirectoryServices (>= 8.0) - restriction: >= net8.0
      System.Formats.Asn1 (>= 8.0.1) - restriction: >= net8.0
      System.Management (>= 8.0) - restriction: >= net8.0
      System.Security.AccessControl (>= 6.0.1) - restriction: >= net8.0
      System.Security.Cryptography.Pkcs (>= 8.0.1) - restriction: >= net8.0
      System.Security.Permissions (>= 8.0) - restriction: >= net8.0
      System.Text.Encoding.CodePages (>= 8.0) - restriction: >= net8.0
    System.Security.AccessControl (6.0.1) - restriction: >= net8.0
    System.Security.Cryptography.Pkcs (9.0) - restriction: >= net8.0
      Microsoft.Bcl.Cryptography (>= 9.0) - restriction: || (>= net462) (&& (>= net8.0) (< net9.0)) (&& (< net8.0) (>= netstandard2.1)) (&& (>= netstandard2.0) (< netstandard2.1))
      System.Formats.Asn1 (>= 9.0) - restriction: || (&& (< net462) (>= netstandard2.0) (< netstandard2.1)) (&& (>= net8.0) (< net9.0)) (&& (< net8.0) (>= netstandard2.1))
    System.Security.Cryptography.ProtectedData (9.0) - restriction: >= net8.0
    System.Security.Permissions (9.0) - restriction: >= net8.0
      System.Windows.Extensions (>= 9.0) - restriction: >= net8.0
    System.Text.Encoding.CodePages (9.0) - restriction: >= net8.0
    System.Windows.Extensions (9.0) - restriction: >= net8.0
